// !$*UTF8*$!
{
	archiveVersion = 1;
	classes = {
	};
	objectVersion = 46;
	objects = {

/* Begin PBXBuildFile section */
		7421AADD1E518B7300E8ED06 /* MemeDetailViewController.swift in Sources */ = {isa = PBXBuildFile; fileRef = 7421AADC1E518B7300E8ED06 /* MemeDetailViewController.swift */; };
		7459CFD81E4FD96100193BC1 /* AppDelegate.swift in Sources */ = {isa = PBXBuildFile; fileRef = 7459CFD71E4FD96100193BC1 /* AppDelegate.swift */; };
		7459CFDF1E4FD96100193BC1 /* Assets.xcassets in Resources */ = {isa = PBXBuildFile; fileRef = 7459CFDE1E4FD96100193BC1 /* Assets.xcassets */; };
		7459CFE21E4FD96100193BC1 /* LaunchScreen.storyboard in Resources */ = {isa = PBXBuildFile; fileRef = 7459CFE01E4FD96100193BC1 /* LaunchScreen.storyboard */; };
		7459CFED1E4FD96100193BC1 /* MemeMe_2_0Tests.swift in Sources */ = {isa = PBXBuildFile; fileRef = 7459CFEC1E4FD96100193BC1 /* MemeMe_2_0Tests.swift */; };
		7459CFF81E4FD96100193BC1 /* MemeMe_2_0UITests.swift in Sources */ = {isa = PBXBuildFile; fileRef = 7459CFF71E4FD96100193BC1 /* MemeMe_2_0UITests.swift */; };
		7459D0081E4FD97E00193BC1 /* MemeEditorVC.swift in Sources */ = {isa = PBXBuildFile; fileRef = 7459D0051E4FD97E00193BC1 /* MemeEditorVC.swift */; };
		7459D0091E4FD97E00193BC1 /* TextFieldDelegate.swift in Sources */ = {isa = PBXBuildFile; fileRef = 7459D0061E4FD97E00193BC1 /* TextFieldDelegate.swift */; };
		7459D00A1E4FD97E00193BC1 /* Meme.swift in Sources */ = {isa = PBXBuildFile; fileRef = 7459D0071E4FD97E00193BC1 /* Meme.swift */; };
		7459D00C1E4FD99300193BC1 /* Main.storyboard in Resources */ = {isa = PBXBuildFile; fileRef = 7459D00B1E4FD99300193BC1 /* Main.storyboard */; };
		7459D00E1E4FDE1B00193BC1 /* SentMemeTableViewController.swift in Sources */ = {isa = PBXBuildFile; fileRef = 7459D00D1E4FDE1B00193BC1 /* SentMemeTableViewController.swift */; };
		7459D0101E4FDFE700193BC1 /* SentMemeCollectionViewController.swift in Sources */ = {isa = PBXBuildFile; fileRef = 7459D00F1E4FDFE700193BC1 /* SentMemeCollectionViewController.swift */; };
		7459D0121E4FE5F200193BC1 /* MemeCollectionViewCell.swift in Sources */ = {isa = PBXBuildFile; fileRef = 7459D0111E4FE5F200193BC1 /* MemeCollectionViewCell.swift */; };
		7459D0141E4FE7D400193BC1 /* MemeTableViewCell.swift in Sources */ = {isa = PBXBuildFile; fileRef = 7459D0131E4FE7D400193BC1 /* MemeTableViewCell.swift */; };
/* End PBXBuildFile section */

/* Begin PBXContainerItemProxy section */
		7459CFE91E4FD96100193BC1 /* PBXContainerItemProxy */ = {
			isa = PBXContainerItemProxy;
			containerPortal = 7459CFCC1E4FD96100193BC1 /* Project object */;
			proxyType = 1;
			remoteGlobalIDString = 7459CFD31E4FD96100193BC1;
			remoteInfo = "MemeMe 2.0";
		};
		7459CFF41E4FD96100193BC1 /* PBXContainerItemProxy */ = {
			isa = PBXContainerItemProxy;
			containerPortal = 7459CFCC1E4FD96100193BC1 /* Project object */;
			proxyType = 1;
			remoteGlobalIDString = 7459CFD31E4FD96100193BC1;
			remoteInfo = "MemeMe 2.0";
		};
/* End PBXContainerItemProxy section */

/* Begin PBXFileReference section */
		7421AADC1E518B7300E8ED06 /* MemeDetailViewController.swift */ = {isa = PBXFileReference; fileEncoding = 4; lastKnownFileType = sourcecode.swift; path = MemeDetailViewController.swift; sourceTree = "<group>"; };
		7459CFD41E4FD96100193BC1 /* MemeMe 2.0.app */ = {isa = PBXFileReference; explicitFileType = wrapper.application; includeInIndex = 0; path = "MemeMe 2.0.app"; sourceTree = BUILT_PRODUCTS_DIR; };
		7459CFD71E4FD96100193BC1 /* AppDelegate.swift */ = {isa = PBXFileReference; lastKnownFileType = sourcecode.swift; path = AppDelegate.swift; sourceTree = "<group>"; };
		7459CFDE1E4FD96100193BC1 /* Assets.xcassets */ = {isa = PBXFileReference; lastKnownFileType = folder.assetcatalog; path = Assets.xcassets; sourceTree = "<group>"; };
		7459CFE11E4FD96100193BC1 /* Base */ = {isa = PBXFileReference; lastKnownFileType = file.storyboard; name = Base; path = Base.lproj/LaunchScreen.storyboard; sourceTree = "<group>"; };
		7459CFE31E4FD96100193BC1 /* Info.plist */ = {isa = PBXFileReference; lastKnownFileType = text.plist.xml; path = Info.plist; sourceTree = "<group>"; };
		7459CFE81E4FD96100193BC1 /* MemeMe 2.0Tests.xctest */ = {isa = PBXFileReference; explicitFileType = wrapper.cfbundle; includeInIndex = 0; path = "MemeMe 2.0Tests.xctest"; sourceTree = BUILT_PRODUCTS_DIR; };
		7459CFEC1E4FD96100193BC1 /* MemeMe_2_0Tests.swift */ = {isa = PBXFileReference; lastKnownFileType = sourcecode.swift; path = MemeMe_2_0Tests.swift; sourceTree = "<group>"; };
		7459CFEE1E4FD96100193BC1 /* Info.plist */ = {isa = PBXFileReference; lastKnownFileType = text.plist.xml; path = Info.plist; sourceTree = "<group>"; };
		7459CFF31E4FD96100193BC1 /* MemeMe 2.0UITests.xctest */ = {isa = PBXFileReference; explicitFileType = wrapper.cfbundle; includeInIndex = 0; path = "MemeMe 2.0UITests.xctest"; sourceTree = BUILT_PRODUCTS_DIR; };
		7459CFF71E4FD96100193BC1 /* MemeMe_2_0UITests.swift */ = {isa = PBXFileReference; lastKnownFileType = sourcecode.swift; path = MemeMe_2_0UITests.swift; sourceTree = "<group>"; };
		7459CFF91E4FD96100193BC1 /* Info.plist */ = {isa = PBXFileReference; lastKnownFileType = text.plist.xml; path = Info.plist; sourceTree = "<group>"; };
		7459D0051E4FD97E00193BC1 /* MemeEditorVC.swift */ = {isa = PBXFileReference; fileEncoding = 4; lastKnownFileType = sourcecode.swift; path = MemeEditorVC.swift; sourceTree = "<group>"; };
		7459D0061E4FD97E00193BC1 /* TextFieldDelegate.swift */ = {isa = PBXFileReference; fileEncoding = 4; lastKnownFileType = sourcecode.swift; path = TextFieldDelegate.swift; sourceTree = "<group>"; };
		7459D0071E4FD97E00193BC1 /* Meme.swift */ = {isa = PBXFileReference; fileEncoding = 4; lastKnownFileType = sourcecode.swift; path = Meme.swift; sourceTree = "<group>"; };
		7459D00B1E4FD99300193BC1 /* Main.storyboard */ = {isa = PBXFileReference; fileEncoding = 4; lastKnownFileType = file.storyboard; path = Main.storyboard; sourceTree = "<group>"; };
		7459D00D1E4FDE1B00193BC1 /* SentMemeTableViewController.swift */ = {isa = PBXFileReference; fileEncoding = 4; lastKnownFileType = sourcecode.swift; path = SentMemeTableViewController.swift; sourceTree = "<group>"; };
		7459D00F1E4FDFE700193BC1 /* SentMemeCollectionViewController.swift */ = {isa = PBXFileReference; fileEncoding = 4; lastKnownFileType = sourcecode.swift; path = SentMemeCollectionViewController.swift; sourceTree = "<group>"; };
		7459D0111E4FE5F200193BC1 /* MemeCollectionViewCell.swift */ = {isa = PBXFileReference; fileEncoding = 4; lastKnownFileType = sourcecode.swift; path = MemeCollectionViewCell.swift; sourceTree = "<group>"; };
		7459D0131E4FE7D400193BC1 /* MemeTableViewCell.swift */ = {isa = PBXFileReference; fileEncoding = 4; lastKnownFileType = sourcecode.swift; path = MemeTableViewCell.swift; sourceTree = "<group>"; };
/* End PBXFileReference section */

/* Begin PBXFrameworksBuildPhase section */
		7459CFD11E4FD96100193BC1 /* Frameworks */ = {
			isa = PBXFrameworksBuildPhase;
			buildActionMask = 2147483647;
			files = (
			);
			runOnlyForDeploymentPostprocessing = 0;
		};
		7459CFE51E4FD96100193BC1 /* Frameworks */ = {
			isa = PBXFrameworksBuildPhase;
			buildActionMask = 2147483647;
			files = (
			);
			runOnlyForDeploymentPostprocessing = 0;
		};
		7459CFF01E4FD96100193BC1 /* Frameworks */ = {
			isa = PBXFrameworksBuildPhase;
			buildActionMask = 2147483647;
			files = (
			);
			runOnlyForDeploymentPostprocessing = 0;
		};
/* End PBXFrameworksBuildPhase section */

/* Begin PBXGroup section */
		7459CFCB1E4FD96100193BC1 = {
			isa = PBXGroup;
			children = (
				7459CFD61E4FD96100193BC1 /* MemeMe 2.0 */,
				7459CFEB1E4FD96100193BC1 /* MemeMe 2.0Tests */,
				7459CFF61E4FD96100193BC1 /* MemeMe 2.0UITests */,
				7459CFD51E4FD96100193BC1 /* Products */,
			);
			sourceTree = "<group>";
		};
		7459CFD51E4FD96100193BC1 /* Products */ = {
			isa = PBXGroup;
			children = (
				7459CFD41E4FD96100193BC1 /* MemeMe 2.0.app */,
				7459CFE81E4FD96100193BC1 /* MemeMe 2.0Tests.xctest */,
				7459CFF31E4FD96100193BC1 /* MemeMe 2.0UITests.xctest */,
			);
			name = Products;
			sourceTree = "<group>";
		};
		7459CFD61E4FD96100193BC1 /* MemeMe 2.0 */ = {
			isa = PBXGroup;
			children = (
				7459D00B1E4FD99300193BC1 /* Main.storyboard */,
				7459D0051E4FD97E00193BC1 /* MemeEditorVC.swift */,
				7459D0061E4FD97E00193BC1 /* TextFieldDelegate.swift */,
				7459D0071E4FD97E00193BC1 /* Meme.swift */,
				7459CFD71E4FD96100193BC1 /* AppDelegate.swift */,
				7459CFDE1E4FD96100193BC1 /* Assets.xcassets */,
				7459CFE01E4FD96100193BC1 /* LaunchScreen.storyboard */,
				7459CFE31E4FD96100193BC1 /* Info.plist */,
				7459D00D1E4FDE1B00193BC1 /* SentMemeTableViewController.swift */,
				7459D00F1E4FDFE700193BC1 /* SentMemeCollectionViewController.swift */,
				7459D0111E4FE5F200193BC1 /* MemeCollectionViewCell.swift */,
				7459D0131E4FE7D400193BC1 /* MemeTableViewCell.swift */,
				7421AADC1E518B7300E8ED06 /* MemeDetailViewController.swift */,
			);
			path = "MemeMe 2.0";
			sourceTree = "<group>";
		};
		7459CFEB1E4FD96100193BC1 /* MemeMe 2.0Tests */ = {
			isa = PBXGroup;
			children = (
				7459CFEC1E4FD96100193BC1 /* MemeMe_2_0Tests.swift */,
				7459CFEE1E4FD96100193BC1 /* Info.plist */,
			);
			path = "MemeMe 2.0Tests";
			sourceTree = "<group>";
		};
		7459CFF61E4FD96100193BC1 /* MemeMe 2.0UITests */ = {
			isa = PBXGroup;
			children = (
				7459CFF71E4FD96100193BC1 /* MemeMe_2_0UITests.swift */,
				7459CFF91E4FD96100193BC1 /* Info.plist */,
			);
			path = "MemeMe 2.0UITests";
			sourceTree = "<group>";
		};
/* End PBXGroup section */

/* Begin PBXNativeTarget section */
		7459CFD31E4FD96100193BC1 /* MemeMe 2.0 */ = {
			isa = PBXNativeTarget;
			buildConfigurationList = 7459CFFC1E4FD96100193BC1 /* Build configuration list for PBXNativeTarget "MemeMe 2.0" */;
			buildPhases = (
				7459CFD01E4FD96100193BC1 /* Sources */,
				7459CFD11E4FD96100193BC1 /* Frameworks */,
				7459CFD21E4FD96100193BC1 /* Resources */,
			);
			buildRules = (
			);
			dependencies = (
			);
			name = "MemeMe 2.0";
			productName = "MemeMe 2.0";
			productReference = 7459CFD41E4FD96100193BC1 /* MemeMe 2.0.app */;
			productType = "com.apple.product-type.application";
		};
		7459CFE71E4FD96100193BC1 /* MemeMe 2.0Tests */ = {
			isa = PBXNativeTarget;
			buildConfigurationList = 7459CFFF1E4FD96100193BC1 /* Build configuration list for PBXNativeTarget "MemeMe 2.0Tests" */;
			buildPhases = (
				7459CFE41E4FD96100193BC1 /* Sources */,
				7459CFE51E4FD96100193BC1 /* Frameworks */,
				7459CFE61E4FD96100193BC1 /* Resources */,
			);
			buildRules = (
			);
			dependencies = (
				7459CFEA1E4FD96100193BC1 /* PBXTargetDependency */,
			);
			name = "MemeMe 2.0Tests";
			productName = "MemeMe 2.0Tests";
			productReference = 7459CFE81E4FD96100193BC1 /* MemeMe 2.0Tests.xctest */;
			productType = "com.apple.product-type.bundle.unit-test";
		};
		7459CFF21E4FD96100193BC1 /* MemeMe 2.0UITests */ = {
			isa = PBXNativeTarget;
			buildConfigurationList = 7459D0021E4FD96100193BC1 /* Build configuration list for PBXNativeTarget "MemeMe 2.0UITests" */;
			buildPhases = (
				7459CFEF1E4FD96100193BC1 /* Sources */,
				7459CFF01E4FD96100193BC1 /* Frameworks */,
				7459CFF11E4FD96100193BC1 /* Resources */,
			);
			buildRules = (
			);
			dependencies = (
				7459CFF51E4FD96100193BC1 /* PBXTargetDependency */,
			);
			name = "MemeMe 2.0UITests";
			productName = "MemeMe 2.0UITests";
			productReference = 7459CFF31E4FD96100193BC1 /* MemeMe 2.0UITests.xctest */;
			productType = "com.apple.product-type.bundle.ui-testing";
		};
/* End PBXNativeTarget section */

/* Begin PBXProject section */
		7459CFCC1E4FD96100193BC1 /* Project object */ = {
			isa = PBXProject;
			attributes = {
				LastSwiftUpdateCheck = 0820;
				LastUpgradeCheck = 0820;
				ORGANIZATIONNAME = "Arpit Jain";
				TargetAttributes = {
					7459CFD31E4FD96100193BC1 = {
						CreatedOnToolsVersion = 8.2.1;
						DevelopmentTeam = A8E7347KJS;
						ProvisioningStyle = Automatic;
					};
					7459CFE71E4FD96100193BC1 = {
						CreatedOnToolsVersion = 8.2.1;
						DevelopmentTeam = A8E7347KJS;
						ProvisioningStyle = Automatic;
						TestTargetID = 7459CFD31E4FD96100193BC1;
					};
					7459CFF21E4FD96100193BC1 = {
						CreatedOnToolsVersion = 8.2.1;
						DevelopmentTeam = A8E7347KJS;
						ProvisioningStyle = Automatic;
						TestTargetID = 7459CFD31E4FD96100193BC1;
					};
				};
			};
			buildConfigurationList = 7459CFCF1E4FD96100193BC1 /* Build configuration list for PBXProject "MemeMe 2.0" */;
			compatibilityVersion = "Xcode 3.2";
			developmentRegion = English;
			hasScannedForEncodings = 0;
			knownRegions = (
				en,
				Base,
			);
			mainGroup = 7459CFCB1E4FD96100193BC1;
			productRefGroup = 7459CFD51E4FD96100193BC1 /* Products */;
			projectDirPath = "";
			projectRoot = "";
			targets = (
				7459CFD31E4FD96100193BC1 /* MemeMe 2.0 */,
				7459CFE71E4FD96100193BC1 /* MemeMe 2.0Tests */,
				7459CFF21E4FD96100193BC1 /* MemeMe 2.0UITests */,
			);
		};
/* End PBXProject section */

/* Begin PBXResourcesBuildPhase section */
		7459CFD21E4FD96100193BC1 /* Resources */ = {
			isa = PBXResourcesBuildPhase;
			buildActionMask = 2147483647;
			files = (
				7459D00C1E4FD99300193BC1 /* Main.storyboard in Resources */,
				7459CFE21E4FD96100193BC1 /* LaunchScreen.storyboard in Resources */,
				7459CFDF1E4FD96100193BC1 /* Assets.xcassets in Resources */,
			);
			runOnlyForDeploymentPostprocessing = 0;
		};
		7459CFE61E4FD96100193BC1 /* Resources */ = {
			isa = PBXResourcesBuildPhase;
			buildActionMask = 2147483647;
			files = (
			);
			runOnlyForDeploymentPostprocessing = 0;
		};
		7459CFF11E4FD96100193BC1 /* Resources */ = {
			isa = PBXResourcesBuildPhase;
			buildActionMask = 2147483647;
			files = (
			);
			runOnlyForDeploymentPostprocessing = 0;
		};
/* End PBXResourcesBuildPhase section */

/* Begin PBXSourcesBuildPhase section */
		7459CFD01E4FD96100193BC1 /* Sources */ = {
			isa = PBXSourcesBuildPhase;
			buildActionMask = 2147483647;
			files = (
				7459D0081E4FD97E00193BC1 /* MemeEditorVC.swift in Sources */,
				7459D00E1E4FDE1B00193BC1 /* SentMemeTableViewController.swift in Sources */,
				7459D0121E4FE5F200193BC1 /* MemeCollectionViewCell.swift in Sources */,
				7459D0091E4FD97E00193BC1 /* TextFieldDelegate.swift in Sources */,
				7459D0101E4FDFE700193BC1 /* SentMemeCollectionViewController.swift in Sources */,
				7459D0141E4FE7D400193BC1 /* MemeTableViewCell.swift in Sources */,
				7459CFD81E4FD96100193BC1 /* AppDelegate.swift in Sources */,
				7459D00A1E4FD97E00193BC1 /* Meme.swift in Sources */,
				7421AADD1E518B7300E8ED06 /* MemeDetailViewController.swift in Sources */,
			);
			runOnlyForDeploymentPostprocessing = 0;
		};
		7459CFE41E4FD96100193BC1 /* Sources */ = {
			isa = PBXSourcesBuildPhase;
			buildActionMask = 2147483647;
			files = (
				7459CFED1E4FD96100193BC1 /* MemeMe_2_0Tests.swift in Sources */,
			);
			runOnlyForDeploymentPostprocessing = 0;
		};
		7459CFEF1E4FD96100193BC1 /* Sources */ = {
			isa = PBXSourcesBuildPhase;
			buildActionMask = 2147483647;
			files = (
				7459CFF81E4FD96100193BC1 /* MemeMe_2_0UITests.swift in Sources */,
			);
			runOnlyForDeploymentPostprocessing = 0;
		};
/* End PBXSourcesBuildPhase section */

/* Begin PBXTargetDependency section */
		7459CFEA1E4FD96100193BC1 /* PBXTargetDependency */ = {
			isa = PBXTargetDependency;
			target = 7459CFD31E4FD96100193BC1 /* MemeMe 2.0 */;
			targetProxy = 7459CFE91E4FD96100193BC1 /* PBXContainerItemProxy */;
		};
		7459CFF51E4FD96100193BC1 /* PBXTargetDependency */ = {
			isa = PBXTargetDependency;
			target = 7459CFD31E4FD96100193BC1 /* MemeMe 2.0 */;
			targetProxy = 7459CFF41E4FD96100193BC1 /* PBXContainerItemProxy */;
		};
/* End PBXTargetDependency section */

/* Begin PBXVariantGroup section */
		7459CFE01E4FD96100193BC1 /* LaunchScreen.storyboard */ = {
			isa = PBXVariantGroup;
			children = (
				7459CFE11E4FD96100193BC1 /* Base */,
			);
			name = LaunchScreen.storyboard;
			sourceTree = "<group>";
		};
/* End PBXVariantGroup section */

/* Begin XCBuildConfiguration section */
		7459CFFA1E4FD96100193BC1 /* Debug */ = {
			isa = XCBuildConfiguration;
			buildSettings = {
				ALWAYS_SEARCH_USER_PATHS = NO;
				CLANG_ANALYZER_NONNULL = YES;
				CLANG_CXX_LANGUAGE_STANDARD = "gnu++0x";
				CLANG_CXX_LIBRARY = "libc++";
				CLANG_ENABLE_MODULES = YES;
				CLANG_ENABLE_OBJC_ARC = YES;
				CLANG_WARN_BOOL_CONVERSION = YES;
				CLANG_WARN_CONSTANT_CONVERSION = YES;
				CLANG_WARN_DIRECT_OBJC_ISA_USAGE = YES_ERROR;
				CLANG_WARN_DOCUMENTATION_COMMENTS = YES;
				CLANG_WARN_EMPTY_BODY = YES;
				CLANG_WARN_ENUM_CONVERSION = YES;
				CLANG_WARN_INFINITE_RECURSION = YES;
				CLANG_WARN_INT_CONVERSION = YES;
				CLANG_WARN_OBJC_ROOT_CLASS = YES_ERROR;
				CLANG_WARN_SUSPICIOUS_MOVE = YES;
				CLANG_WARN_UNREACHABLE_CODE = YES;
				CLANG_WARN__DUPLICATE_METHOD_MATCH = YES;
				"CODE_SIGN_IDENTITY[sdk=iphoneos*]" = "iPhone Developer";
				COPY_PHASE_STRIP = NO;
				DEBUG_INFORMATION_FORMAT = dwarf;
				ENABLE_STRICT_OBJC_MSGSEND = YES;
				ENABLE_TESTABILITY = YES;
				GCC_C_LANGUAGE_STANDARD = gnu99;
				GCC_DYNAMIC_NO_PIC = NO;
				GCC_NO_COMMON_BLOCKS = YES;
				GCC_OPTIMIZATION_LEVEL = 0;
				GCC_PREPROCESSOR_DEFINITIONS = (
					"DEBUG=1",
					"$(inherited)",
				);
				GCC_WARN_64_TO_32_BIT_CONVERSION = YES;
				GCC_WARN_ABOUT_RETURN_TYPE = YES_ERROR;
				GCC_WARN_UNDECLARED_SELECTOR = YES;
				GCC_WARN_UNINITIALIZED_AUTOS = YES_AGGRESSIVE;
				GCC_WARN_UNUSED_FUNCTION = YES;
				GCC_WARN_UNUSED_VARIABLE = YES;
				IPHONEOS_DEPLOYMENT_TARGET = 10.2;
				MTL_ENABLE_DEBUG_INFO = YES;
				ONLY_ACTIVE_ARCH = YES;
				SDKROOT = iphoneos;
				SWIFT_ACTIVE_COMPILATION_CONDITIONS = DEBUG;
				SWIFT_OPTIMIZATION_LEVEL = "-Onone";
				TARGETED_DEVICE_FAMILY = "1,2";
			};
			name = Debug;
		};
		7459CFFB1E4FD96100193BC1 /* Release */ = {
			isa = XCBuildConfiguration;
			buildSettings = {
				ALWAYS_SEARCH_USER_PATHS = NO;
				CLANG_ANALYZER_NONNULL = YES;
				CLANG_CXX_LANGUAGE_STANDARD = "gnu++0x";
				CLANG_CXX_LIBRARY = "libc++";
				CLANG_ENABLE_MODULES = YES;
				CLANG_ENABLE_OBJC_ARC = YES;
				CLANG_WARN_BOOL_CONVERSION = YES;
				CLANG_WARN_CONSTANT_CONVERSION = YES;
				CLANG_WARN_DIRECT_OBJC_ISA_USAGE = YES_ERROR;
				CLANG_WARN_DOCUMENTATION_COMMENTS = YES;
				CLANG_WARN_EMPTY_BODY = YES;
				CLANG_WARN_ENUM_CONVERSION = YES;
				CLANG_WARN_INFINITE_RECURSION = YES;
				CLANG_WARN_INT_CONVERSION = YES;
				CLANG_WARN_OBJC_ROOT_CLASS = YES_ERROR;
				CLANG_WARN_SUSPICIOUS_MOVE = YES;
				CLANG_WARN_UNREACHABLE_CODE = YES;
				CLANG_WARN__DUPLICATE_METHOD_MATCH = YES;
				"CODE_SIGN_IDENTITY[sdk=iphoneos*]" = "iPhone Developer";
				COPY_PHASE_STRIP = NO;
				DEBUG_INFORMATION_FORMAT = "dwarf-with-dsym";
				ENABLE_NS_ASSERTIONS = NO;
				ENABLE_STRICT_OBJC_MSGSEND = YES;
				GCC_C_LANGUAGE_STANDARD = gnu99;
				GCC_NO_COMMON_BLOCKS = YES;
				GCC_WARN_64_TO_32_BIT_CONVERSION = YES;
				GCC_WARN_ABOUT_RETURN_TYPE = YES_ERROR;
				GCC_WARN_UNDECLARED_SELECTOR = YES;
				GCC_WARN_UNINITIALIZED_AUTOS = YES_AGGRESSIVE;
				GCC_WARN_UNUSED_FUNCTION = YES;
				GCC_WARN_UNUSED_VARIABLE = YES;
				IPHONEOS_DEPLOYMENT_TARGET = 10.2;
				MTL_ENABLE_DEBUG_INFO = NO;
				SDKROOT = iphoneos;
				SWIFT_OPTIMIZATION_LEVEL = "-Owholemodule";
				TARGETED_DEVICE_FAMILY = "1,2";
				VALIDATE_PRODUCT = YES;
			};
			name = Release;
		};
		7459CFFD1E4FD96100193BC1 /* Debug */ = {
			isa = XCBuildConfiguration;
			buildSettings = {
				ASSETCATALOG_COMPILER_APPICON_NAME = AppIcon;
				DEVELOPMENT_TEAM = A8E7347KJS;
				INFOPLIST_FILE = "MemeMe 2.0/Info.plist";
				LD_RUNPATH_SEARCH_PATHS = "$(inherited) @executable_path/Frameworks";
				PRODUCT_BUNDLE_IDENTIFIER = "com.jain.arpit.MemeMe-2-0";
				PRODUCT_NAME = "$(TARGET_NAME)";
				SWIFT_VERSION = 3.0;
			};
			name = Debug;
		};
		7459CFFE1E4FD96100193BC1 /* Release */ = {
			isa = XCBuildConfiguration;
			buildSettings = {
				ASSETCATALOG_COMPILER_APPICON_NAME = AppIcon;
				DEVELOPMENT_TEAM = A8E7347KJS;
				INFOPLIST_FILE = "MemeMe 2.0/Info.plist";
				LD_RUNPATH_SEARCH_PATHS = "$(inherited) @executable_path/Frameworks";
				PRODUCT_BUNDLE_IDENTIFIER = "com.jain.arpit.MemeMe-2-0";
				PRODUCT_NAME = "$(TARGET_NAME)";
				SWIFT_VERSION = 3.0;
			};
			name = Release;
		};
		7459D0001E4FD96100193BC1 /* Debug */ = {
			isa = XCBuildConfiguration;
			buildSettings = {
				ALWAYS_EMBED_SWIFT_STANDARD_LIBRARIES = YES;
				BUNDLE_LOADER = "$(TEST_HOST)";
				DEVELOPMENT_TEAM = A8E7347KJS;
				INFOPLIST_FILE = "MemeMe 2.0Tests/Info.plist";
				LD_RUNPATH_SEARCH_PATHS = "$(inherited) @executable_path/Frameworks @loader_path/Frameworks";
				PRODUCT_BUNDLE_IDENTIFIER = "com.jain.arpit.MemeMe-2-0Tests";
				PRODUCT_NAME = "$(TARGET_NAME)";
				SWIFT_VERSION = 3.0;
				TEST_HOST = "$(BUILT_PRODUCTS_DIR)/MemeMe 2.0.app/MemeMe 2.0";
			};
			name = Debug;
		};
		7459D0011E4FD96100193BC1 /* Release */ = {
			isa = XCBuildConfiguration;
			buildSettings = {
				ALWAYS_EMBED_SWIFT_STANDARD_LIBRARIES = YES;
				BUNDLE_LOADER = "$(TEST_HOST)";
				DEVELOPMENT_TEAM = A8E7347KJS;
				INFOPLIST_FILE = "MemeMe 2.0Tests/Info.plist";
				LD_RUNPATH_SEARCH_PATHS = "$(inherited) @executable_path/Frameworks @loader_path/Frameworks";
				PRODUCT_BUNDLE_IDENTIFIER = "com.jain.arpit.MemeMe-2-0Tests";
				PRODUCT_NAME = "$(TARGET_NAME)";
				SWIFT_VERSION = 3.0;
				TEST_HOST = "$(BUILT_PRODUCTS_DIR)/MemeMe 2.0.app/MemeMe 2.0";
			};
			name = Release;
		};
		7459D0031E4FD96100193BC1 /* Debug */ = {
			isa = XCBuildConfiguration;
			buildSettings = {
				ALWAYS_EMBED_SWIFT_STANDARD_LIBRARIES = YES;
				DEVELOPMENT_TEAM = A8E7347KJS;
				INFOPLIST_FILE = "MemeMe 2.0UITests/Info.plist";
				LD_RUNPATH_SEARCH_PATHS = "$(inherited) @executable_path/Frameworks @loader_path/Frameworks";
				PRODUCT_BUNDLE_IDENTIFIER = "com.jain.arpit.MemeMe-2-0UITests";
				PRODUCT_NAME = "$(TARGET_NAME)";
				SWIFT_VERSION = 3.0;
				TEST_TARGET_NAME = "MemeMe 2.0";
			};
			name = Debug;
		};
		7459D0041E4FD96100193BC1 /* Release */ = {
			isa = XCBuildConfiguration;
			buildSettings = {
				ALWAYS_EMBED_SWIFT_STANDARD_LIBRARIES = YES;
				DEVELOPMENT_TEAM = A8E7347KJS;
				INFOPLIST_FILE = "MemeMe 2.0UITests/Info.plist";
				LD_RUNPATH_SEARCH_PATHS = "$(inherited) @executable_path/Frameworks @loader_path/Frameworks";
				PRODUCT_BUNDLE_IDENTIFIER = "com.jain.arpit.MemeMe-2-0UITests";
				PRODUCT_NAME = "$(TARGET_NAME)";
				SWIFT_VERSION = 3.0;
				TEST_TARGET_NAME = "MemeMe 2.0";
			};
			name = Release;
		};
/* End XCBuildConfiguration section */

/* Begin XCConfigurationList section */
		7459CFCF1E4FD96100193BC1 /* Build configuration list for PBXProject "MemeMe 2.0" */ = {
			isa = XCConfigurationList;
			buildConfigurations = (
				7459CFFA1E4FD96100193BC1 /* Debug */,
				7459CFFB1E4FD96100193BC1 /* Release */,
			);
			defaultConfigurationIsVisible = 0;
			defaultConfigurationName = Release;
		};
		7459CFFC1E4FD96100193BC1 /* Build configuration list for PBXNativeTarget "MemeMe 2.0" */ = {
			isa = XCConfigurationList;
			buildConfigurations = (
				7459CFFD1E4FD96100193BC1 /* Debug */,
				7459CFFE1E4FD96100193BC1 /* Release */,
			);
			defaultConfigurationIsVisible = 0;
			defaultConfigurationName = Release;
		};
		7459CFFF1E4FD96100193BC1 /* Build configuration list for PBXNativeTarget "MemeMe 2.0Tests" */ = {
			isa = XCConfigurationList;
			buildConfigurations = (
				7459D0001E4FD96100193BC1 /* Debug */,
				7459D0011E4FD96100193BC1 /* Release */,
			);
			defaultConfigurationIsVisible = 0;
			defaultConfigurationName = Release;
		};
		7459D0021E4FD96100193BC1 /* Build configuration list for PBXNativeTarget "MemeMe 2.0UITests" */ = {
			isa = XCConfigurationList;
			buildConfigurations = (
				7459D0031E4FD96100193BC1 /* Debug */,
				7459D0041E4FD96100193BC1 /* Release */,
			);
			defaultConfigurationIsVisible = 0;
			defaultConfigurationName = Release;
		};
/* End XCConfigurationList section */
	};
	rootObject = 7459CFCC1E4FD96100193BC1 /* Project object */;
}
